
Microsoft Visual Studio Solution File, Format Version 12.00
# Visual Studio 14
VisualStudioVersion = 14.0.25420.1
MinimumVisualStudioVersion = 10.0.40219.1
Project("{F184B08F-C81C-45F6-A57F-5ABD9991F28F}") = "TimeLinesDemo", "TimeLinesDemo\TimeLinesDemo.vbproj", "{52ECBF6D-DDC4-4614-B65D-5D6C0E91F399}"
EndProject
Project("{F184B08F-C81C-45F6-A57F-5ABD9991F28F}") = "TimeLineUserControl", "TimeLineUserControl\TimeLineUserControl.vbproj", "{1973CB74-BB16-4D7F-90FE-3EA7C08D602E}"
EndProject
Global
	GlobalSection(SolutionConfigurationPlatforms) = preSolution
		Debug|Any CPU = Debug|Any CPU
		Release|Any CPU = Release|Any CPU
	EndGlobalSection
	GlobalSection(ProjectConfigurationPlatforms) = postSolution
		{52ECBF6D-DDC4-4614-B65D-5D6C0E91F399}.Debug|Any CPU.ActiveCfg = Debug|Any CPU
		{52ECBF6D-DDC4-4614-B65D-5D6C0E91F399}.Debug|Any CPU.Build.0 = Debug|Any CPU
		{52ECBF6D-DDC4-4614-B65D-5D6C0E91F399}.Release|Any CPU.ActiveCfg = Release|Any CPU
		{52ECBF6D-DDC4-4614-B65D-5D6C0E91F399}.Release|Any CPU.Build.0 = Release|Any CPU
		{1973CB74-BB16-4D7F-90FE-3EA7C08D602E}.Debug|Any CPU.ActiveCfg = Debug|Any CPU
		{1973CB74-BB16-4D7F-90FE-3EA7C08D602E}.Debug|Any CPU.Build.0 = Debug|Any CPU
		{1973CB74-BB16-4D7F-90FE-3EA7C08D602E}.Release|Any CPU.ActiveCfg = Release|Any CPU
		{1973CB74-BB16-4D7F-90FE-3EA7C08D602E}.Release|Any CPU.Build.0 = Release|Any CPU
	EndGlobalSection
	GlobalSection(SolutionProperties) = preSolution
		HideSolutionNode = FALSE
	EndGlobalSection
EndGlobal
